
Microsoft Visual Studio Solution File, Format Version 12.00
# Visual Studio 15
Project("{FAE04EC0-301F-11D3-BF4B-00C04F79EFBC}") = "PhotonUnityNetworking.Demos", "PhotonUnityNetworking.Demos.csproj", "{229DAF24-39B0-D2C9-AEA1-3EAA43FA36E8}"
EndProject
Project("{FAE04EC0-301F-11D3-BF4B-00C04F79EFBC}") = "PhotonUnityNetworking.Utilities", "PhotonUnityNetworking.Utilities.csproj", "{BE142256-FCD4-BF14-54F8-31E73CF4D67F}"
EndProject
Project("{FAE04EC0-301F-11D3-BF4B-00C04F79EFBC}") = "PhotonChat", "PhotonChat.csproj", "{C9E865FE-90A1-A6C9-3281-D1DA8785FA84}"
EndProject
Project("{FAE04EC0-301F-11D3-BF4B-00C04F79EFBC}") = "PhotonUnityNetworking", "PhotonUnityNetworking.csproj", "{5BD7C80F-07B7-94BC-624D-80C2C21D4406}"
EndProject
Project("{FAE04EC0-301F-11D3-BF4B-00C04F79EFBC}") = "Assembly-CSharp", "Assembly-CSharp.csproj", "{B8F44887-DCDC-719F-79EC-3B420B29EF8C}"
EndProject
Project("{FAE04EC0-301F-11D3-BF4B-00C04F79EFBC}") = "PhotonRealtime", "PhotonRealtime.csproj", "{B8845ABA-61AA-BD81-4A02-6D7D2163D2E4}"
EndProject
Project("{FAE04EC0-301F-11D3-BF4B-00C04F79EFBC}") = "PhotonWebSocket", "PhotonWebSocket.csproj", "{55DA40E3-137E-9EC7-FF32-40199E97C0C0}"
EndProject
Project("{FAE04EC0-301F-11D3-BF4B-00C04F79EFBC}") = "PhotonUnityNetworking.Editor", "PhotonUnityNetworking.Editor.csproj", "{023BEE1F-1F10-50B5-FA88-0B123E8D26C8}"
EndProject
Project("{FAE04EC0-301F-11D3-BF4B-00C04F79EFBC}") = "PunDemos.DemoHubEditor", "PunDemos.DemoHubEditor.csproj", "{1FF39CE5-696C-0E60-0832-39AA37F3EEBD}"
EndProject
Project("{FAE04EC0-301F-11D3-BF4B-00C04F79EFBC}") = "PhotonUnityNetworking.Utilities.PhotonPlayer.Editor", "PhotonUnityNetworking.Utilities.PhotonPlayer.Editor.csproj", "{CE5C9678-05B5-0D80-D62B-6BD2AE5AFD3C}"
EndProject
Project("{FAE04EC0-301F-11D3-BF4B-00C04F79EFBC}") = "PhotonUnityNetworking.Utilities.Culling.Editor", "PhotonUnityNetworking.Utilities.Culling.Editor.csproj", "{2804F0FB-124B-D7C9-7396-E9A35C303C2D}"
EndProject
Project("{FAE04EC0-301F-11D3-BF4B-00C04F79EFBC}") = "PunDemos.DemoSlotcarEditor", "PunDemos.DemoSlotcarEditor.csproj", "{F0E7529C-655B-8FE4-DE91-F22D1F07E9A1}"
EndProject
Global
	GlobalSection(SolutionConfigurationPlatforms) = preSolution
		Debug|Any CPU = Debug|Any CPU
		Release|Any CPU = Release|Any CPU
	EndGlobalSection
	GlobalSection(ProjectConfigurationPlatforms) = postSolution
		{229DAF24-39B0-D2C9-AEA1-3EAA43FA36E8}.Debug|Any CPU.ActiveCfg = Debug|Any CPU
		{229DAF24-39B0-D2C9-AEA1-3EAA43FA36E8}.Debug|Any CPU.Build.0 = Debug|Any CPU
		{229DAF24-39B0-D2C9-AEA1-3EAA43FA36E8}.Release|Any CPU.ActiveCfg = Release|Any CPU
		{229DAF24-39B0-D2C9-AEA1-3EAA43FA36E8}.Release|Any CPU.Build.0 = Release|Any CPU
		{BE142256-FCD4-BF14-54F8-31E73CF4D67F}.Debug|Any CPU.ActiveCfg = Debug|Any CPU
		{BE142256-FCD4-BF14-54F8-31E73CF4D67F}.Debug|Any CPU.Build.0 = Debug|Any CPU
		{BE142256-FCD4-BF14-54F8-31E73CF4D67F}.Release|Any CPU.ActiveCfg = Release|Any CPU
		{BE142256-FCD4-BF14-54F8-31E73CF4D67F}.Release|Any CPU.Build.0 = Release|Any CPU
		{C9E865FE-90A1-A6C9-3281-D1DA8785FA84}.Debug|Any CPU.ActiveCfg = Debug|Any CPU
		{C9E865FE-90A1-A6C9-3281-D1DA8785FA84}.Debug|Any CPU.Build.0 = Debug|Any CPU
		{C9E865FE-90A1-A6C9-3281-D1DA8785FA84}.Release|Any CPU.ActiveCfg = Release|Any CPU
		{C9E865FE-90A1-A6C9-3281-D1DA8785FA84}.Release|Any CPU.Build.0 = Release|Any CPU
		{5BD7C80F-07B7-94BC-624D-80C2C21D4406}.Debug|Any CPU.ActiveCfg = Debug|Any CPU
		{5BD7C80F-07B7-94BC-624D-80C2C21D4406}.Debug|Any CPU.Build.0 = Debug|Any CPU
		{5BD7C80F-07B7-94BC-624D-80C2C21D4406}.Release|Any CPU.ActiveCfg = Release|Any CPU
		{5BD7C80F-07B7-94BC-624D-80C2C21D4406}.Release|Any CPU.Build.0 = Release|Any CPU
		{B8F44887-DCDC-719F-79EC-3B420B29EF8C}.Debug|Any CPU.ActiveCfg = Debug|Any CPU
		{B8F44887-DCDC-719F-79EC-3B420B29EF8C}.Debug|Any CPU.Build.0 = Debug|Any CPU
		{B8F44887-DCDC-719F-79EC-3B420B29EF8C}.Release|Any CPU.ActiveCfg = Release|Any CPU
		{B8F44887-DCDC-719F-79EC-3B420B29EF8C}.Release|Any CPU.Build.0 = Release|Any CPU
		{B8845ABA-61AA-BD81-4A02-6D7D2163D2E4}.Debug|Any CPU.ActiveCfg = Debug|Any CPU
		{B8845ABA-61AA-BD81-4A02-6D7D2163D2E4}.Debug|Any CPU.Build.0 = Debug|Any CPU
		{B8845ABA-61AA-BD81-4A02-6D7D2163D2E4}.Release|Any CPU.ActiveCfg = Release|Any CPU
		{B8845ABA-61AA-BD81-4A02-6D7D2163D2E4}.Release|Any CPU.Build.0 = Release|Any CPU
		{55DA40E3-137E-9EC7-FF32-40199E97C0C0}.Debug|Any CPU.ActiveCfg = Debug|Any CPU
		{55DA40E3-137E-9EC7-FF32-40199E97C0C0}.Debug|Any CPU.Build.0 = Debug|Any CPU
		{55DA40E3-137E-9EC7-FF32-40199E97C0C0}.Release|Any CPU.ActiveCfg = Release|Any CPU
		{55DA40E3-137E-9EC7-FF32-40199E97C0C0}.Release|Any CPU.Build.0 = Release|Any CPU
		{023BEE1F-1F10-50B5-FA88-0B123E8D26C8}.Debug|Any CPU.ActiveCfg = Debug|Any CPU
		{023BEE1F-1F10-50B5-FA88-0B123E8D26C8}.Debug|Any CPU.Build.0 = Debug|Any CPU
		{023BEE1F-1F10-50B5-FA88-0B123E8D26C8}.Release|Any CPU.ActiveCfg = Release|Any CPU
		{023BEE1F-1F10-50B5-FA88-0B123E8D26C8}.Release|Any CPU.Build.0 = Release|Any CPU
		{1FF39CE5-696C-0E60-0832-39AA37F3EEBD}.Debug|Any CPU.ActiveCfg = Debug|Any CPU
		{1FF39CE5-696C-0E60-0832-39AA37F3EEBD}.Debug|Any CPU.Build.0 = Debug|Any CPU
		{1FF39CE5-696C-0E60-0832-39AA37F3EEBD}.Release|Any CPU.ActiveCfg = Release|Any CPU
		{1FF39CE5-696C-0E60-0832-39AA37F3EEBD}.Release|Any CPU.Build.0 = Release|Any CPU
		{CE5C9678-05B5-0D80-D62B-6BD2AE5AFD3C}.Debug|Any CPU.ActiveCfg = Debug|Any CPU
		{CE5C9678-05B5-0D80-D62B-6BD2AE5AFD3C}.Debug|Any CPU.Build.0 = Debug|Any CPU
		{CE5C9678-05B5-0D80-D62B-6BD2AE5AFD3C}.Release|Any CPU.ActiveCfg = Release|Any CPU
		{CE5C9678-05B5-0D80-D62B-6BD2AE5AFD3C}.Release|Any CPU.Build.0 = Release|Any CPU
		{2804F0FB-124B-D7C9-7396-E9A35C303C2D}.Debug|Any CPU.ActiveCfg = Debug|Any CPU
		{2804F0FB-124B-D7C9-7396-E9A35C303C2D}.Debug|Any CPU.Build.0 = Debug|Any CPU
		{2804F0FB-124B-D7C9-7396-E9A35C303C2D}.Release|Any CPU.ActiveCfg = Release|Any CPU
		{2804F0FB-124B-D7C9-7396-E9A35C303C2D}.Release|Any CPU.Build.0 = Release|Any CPU
		{F0E7529C-655B-8FE4-DE91-F22D1F07E9A1}.Debug|Any CPU.ActiveCfg = Debug|Any CPU
		{F0E7529C-655B-8FE4-DE91-F22D1F07E9A1}.Debug|Any CPU.Build.0 = Debug|Any CPU
		{F0E7529C-655B-8FE4-DE91-F22D1F07E9A1}.Release|Any CPU.ActiveCfg = Release|Any CPU
		{F0E7529C-655B-8FE4-DE91-F22D1F07E9A1}.Release|Any CPU.Build.0 = Release|Any CPU
	EndGlobalSection
	GlobalSection(SolutionProperties) = preSolution
		HideSolutionNode = FALSE
	EndGlobalSection
EndGlobal
